// !$*UTF8*$!
{
	archiveVersion = 1;
	classes = {
	};
	objectVersion = 55;
	objects = {

/* Begin PBXBuildFile section */
		4457B0CD27EBAC9700474245 /* DoubleTableViewController.swift in Sources */ = {isa = PBXBuildFile; fileRef = 4457B0CC27EBAC9700474245 /* DoubleTableViewController.swift */; };
		4486613F27EBEA57006FE9F6 /* PrepariedViewController.swift in Sources */ = {isa = PBXBuildFile; fileRef = 4486613E27EBEA57006FE9F6 /* PrepariedViewController.swift */; };
		44A47A4D27EB80FA000E3DAC /* MainTableViewController.swift in Sources */ = {isa = PBXBuildFile; fileRef = 44A47A4C27EB80FA000E3DAC /* MainTableViewController.swift */; };
		44A47A4F27EB9DAA000E3DAC /* DetailContactViewController.swift in Sources */ = {isa = PBXBuildFile; fileRef = 44A47A4E27EB9DAA000E3DAC /* DetailContactViewController.swift */; };
		44DAE56227EB5F2400850A6C /* AppDelegate.swift in Sources */ = {isa = PBXBuildFile; fileRef = 44DAE56127EB5F2400850A6C /* AppDelegate.swift */; };
		44DAE56427EB5F2400850A6C /* SceneDelegate.swift in Sources */ = {isa = PBXBuildFile; fileRef = 44DAE56327EB5F2400850A6C /* SceneDelegate.swift */; };
		44DAE56927EB5F2400850A6C /* Main.storyboard in Resources */ = {isa = PBXBuildFile; fileRef = 44DAE56727EB5F2400850A6C /* Main.storyboard */; };
		44DAE56B27EB5F2400850A6C /* Assets.xcassets in Resources */ = {isa = PBXBuildFile; fileRef = 44DAE56A27EB5F2400850A6C /* Assets.xcassets */; };
		44DAE56E27EB5F2400850A6C /* LaunchScreen.storyboard in Resources */ = {isa = PBXBuildFile; fileRef = 44DAE56C27EB5F2400850A6C /* LaunchScreen.storyboard */; };
		44DAE57E27EB619E00850A6C /* DataManager.swift in Sources */ = {isa = PBXBuildFile; fileRef = 44DAE57D27EB619E00850A6C /* DataManager.swift */; };
		44DAE58027EB6A9000850A6C /* Person.swift in Sources */ = {isa = PBXBuildFile; fileRef = 44DAE57F27EB6A9000850A6C /* Person.swift */; };
/* End PBXBuildFile section */

/* Begin PBXFileReference section */
		4457B0CC27EBAC9700474245 /* DoubleTableViewController.swift */ = {isa = PBXFileReference; lastKnownFileType = sourcecode.swift; path = DoubleTableViewController.swift; sourceTree = "<group>"; };
		4486613E27EBEA57006FE9F6 /* PrepariedViewController.swift */ = {isa = PBXFileReference; lastKnownFileType = sourcecode.swift; path = PrepariedViewController.swift; sourceTree = "<group>"; };
		44A47A4C27EB80FA000E3DAC /* MainTableViewController.swift */ = {isa = PBXFileReference; lastKnownFileType = sourcecode.swift; path = MainTableViewController.swift; sourceTree = "<group>"; };
		44A47A4E27EB9DAA000E3DAC /* DetailContactViewController.swift */ = {isa = PBXFileReference; lastKnownFileType = sourcecode.swift; path = DetailContactViewController.swift; sourceTree = "<group>"; };
		44DAE55E27EB5F2300850A6C /* ContactList.app */ = {isa = PBXFileReference; explicitFileType = wrapper.application; includeInIndex = 0; path = ContactList.app; sourceTree = BUILT_PRODUCTS_DIR; };
		44DAE56127EB5F2400850A6C /* AppDelegate.swift */ = {isa = PBXFileReference; lastKnownFileType = sourcecode.swift; path = AppDelegate.swift; sourceTree = "<group>"; };
		44DAE56327EB5F2400850A6C /* SceneDelegate.swift */ = {isa = PBXFileReference; lastKnownFileType = sourcecode.swift; path = SceneDelegate.swift; sourceTree = "<group>"; };
		44DAE56827EB5F2400850A6C /* Base */ = {isa = PBXFileReference; lastKnownFileType = file.storyboard; name = Base; path = Base.lproj/Main.storyboard; sourceTree = "<group>"; };
		44DAE56A27EB5F2400850A6C /* Assets.xcassets */ = {isa = PBXFileReference; lastKnownFileType = folder.assetcatalog; path = Assets.xcassets; sourceTree = "<group>"; };
		44DAE56D27EB5F2400850A6C /* Base */ = {isa = PBXFileReference; lastKnownFileType = file.storyboard; name = Base; path = Base.lproj/LaunchScreen.storyboard; sourceTree = "<group>"; };
		44DAE56F27EB5F2400850A6C /* Info.plist */ = {isa = PBXFileReference; lastKnownFileType = text.plist.xml; path = Info.plist; sourceTree = "<group>"; };
		44DAE57D27EB619E00850A6C /* DataManager.swift */ = {isa = PBXFileReference; lastKnownFileType = sourcecode.swift; path = DataManager.swift; sourceTree = "<group>"; };
		44DAE57F27EB6A9000850A6C /* Person.swift */ = {isa = PBXFileReference; lastKnownFileType = sourcecode.swift; path = Person.swift; sourceTree = "<group>"; };
/* End PBXFileReference section */

/* Begin PBXFrameworksBuildPhase section */
		44DAE55B27EB5F2300850A6C /* Frameworks */ = {
			isa = PBXFrameworksBuildPhase;
			buildActionMask = 2147483647;
			files = (
			);
			runOnlyForDeploymentPostprocessing = 0;
		};
/* End PBXFrameworksBuildPhase section */

/* Begin PBXGroup section */
		44DAE55527EB5F2300850A6C = {
			isa = PBXGroup;
			children = (
				44DAE56027EB5F2300850A6C /* ContactList */,
				44DAE55F27EB5F2300850A6C /* Products */,
			);
			sourceTree = "<group>";
		};
		44DAE55F27EB5F2300850A6C /* Products */ = {
			isa = PBXGroup;
			children = (
				44DAE55E27EB5F2300850A6C /* ContactList.app */,
			);
			name = Products;
			sourceTree = "<group>";
		};
		44DAE56027EB5F2300850A6C /* ContactList */ = {
			isa = PBXGroup;
			children = (
				44DAE57527EB5F6200850A6C /* ViewControllers */,
				44DAE57927EB5FD000850A6C /* Models */,
				44DAE57627EB5F7500850A6C /* StroryBoards */,
				44DAE57727EB5F9700850A6C /* Resources */,
				44DAE57A27EB613200850A6C /* Services */,
				44DAE57827EB5FA800850A6C /* App */,
			);
			path = ContactList;
			sourceTree = "<group>";
		};
		44DAE57527EB5F6200850A6C /* ViewControllers */ = {
			isa = PBXGroup;
			children = (
				44A47A4C27EB80FA000E3DAC /* MainTableViewController.swift */,
				44A47A4E27EB9DAA000E3DAC /* DetailContactViewController.swift */,
				4457B0CC27EBAC9700474245 /* DoubleTableViewController.swift */,
				4486613E27EBEA57006FE9F6 /* PrepariedViewController.swift */,
			);
			path = ViewControllers;
			sourceTree = "<group>";
		};
		44DAE57627EB5F7500850A6C /* StroryBoards */ = {
			isa = PBXGroup;
			children = (
				44DAE56727EB5F2400850A6C /* Main.storyboard */,
				44DAE56C27EB5F2400850A6C /* LaunchScreen.storyboard */,
			);
			path = StroryBoards;
			sourceTree = "<group>";
		};
		44DAE57727EB5F9700850A6C /* Resources */ = {
			isa = PBXGroup;
			children = (
				44DAE56A27EB5F2400850A6C /* Assets.xcassets */,
			);
			path = Resources;
			sourceTree = "<group>";
		};
		44DAE57827EB5FA800850A6C /* App */ = {
			isa = PBXGroup;
			children = (
				44DAE56127EB5F2400850A6C /* AppDelegate.swift */,
				44DAE56327EB5F2400850A6C /* SceneDelegate.swift */,
				44DAE56F27EB5F2400850A6C /* Info.plist */,
			);
			path = App;
			sourceTree = "<group>";
		};
		44DAE57927EB5FD000850A6C /* Models */ = {
			isa = PBXGroup;
			children = (
				44DAE57F27EB6A9000850A6C /* Person.swift */,
			);
			path = Models;
			sourceTree = "<group>";
		};
		44DAE57A27EB613200850A6C /* Services */ = {
			isa = PBXGroup;
			children = (
				44DAE57D27EB619E00850A6C /* DataManager.swift */,
			);
			path = Services;
			sourceTree = "<group>";
		};
/* End PBXGroup section */

/* Begin PBXNativeTarget section */
		44DAE55D27EB5F2300850A6C /* ContactList */ = {
			isa = PBXNativeTarget;
			buildConfigurationList = 44DAE57227EB5F2400850A6C /* Build configuration list for PBXNativeTarget "ContactList" */;
			buildPhases = (
				44DAE55A27EB5F2300850A6C /* Sources */,
				44DAE55B27EB5F2300850A6C /* Frameworks */,
				44DAE55C27EB5F2300850A6C /* Resources */,
			);
			buildRules = (
			);
			dependencies = (
			);
			name = ContactList;
			productName = ContactList;
			productReference = 44DAE55E27EB5F2300850A6C /* ContactList.app */;
			productType = "com.apple.product-type.application";
		};
/* End PBXNativeTarget section */

/* Begin PBXProject section */
		44DAE55627EB5F2300850A6C /* Project object */ = {
			isa = PBXProject;
			attributes = {
				BuildIndependentTargetsInParallel = 1;
				LastSwiftUpdateCheck = 1330;
				LastUpgradeCheck = 1330;
				TargetAttributes = {
					44DAE55D27EB5F2300850A6C = {
						CreatedOnToolsVersion = 13.3;
					};
				};
			};
			buildConfigurationList = 44DAE55927EB5F2300850A6C /* Build configuration list for PBXProject "ContactList" */;
			compatibilityVersion = "Xcode 13.0";
			developmentRegion = en;
			hasScannedForEncodings = 0;
			knownRegions = (
				en,
				Base,
			);
			mainGroup = 44DAE55527EB5F2300850A6C;
			productRefGroup = 44DAE55F27EB5F2300850A6C /* Products */;
			projectDirPath = "";
			projectRoot = "";
			targets = (
				44DAE55D27EB5F2300850A6C /* ContactList */,
			);
		};
/* End PBXProject section */

/* Begin PBXResourcesBuildPhase section */
		44DAE55C27EB5F2300850A6C /* Resources */ = {
			isa = PBXResourcesBuildPhase;
			buildActionMask = 2147483647;
			files = (
				44DAE56E27EB5F2400850A6C /* LaunchScreen.storyboard in Resources */,
				44DAE56B27EB5F2400850A6C /* Assets.xcassets in Resources */,
				44DAE56927EB5F2400850A6C /* Main.storyboard in Resources */,
			);
			runOnlyForDeploymentPostprocessing = 0;
		};
/* End PBXResourcesBuildPhase section */

/* Begin PBXSourcesBuildPhase section */
		44DAE55A27EB5F2300850A6C /* Sources */ = {
			isa = PBXSourcesBuildPhase;
			buildActionMask = 2147483647;
			files = (
				44DAE58027EB6A9000850A6C /* Person.swift in Sources */,
				44DAE57E27EB619E00850A6C /* DataManager.swift in Sources */,
				44DAE56227EB5F2400850A6C /* AppDelegate.swift in Sources */,
				4486613F27EBEA57006FE9F6 /* PrepariedViewController.swift in Sources */,
				44A47A4D27EB80FA000E3DAC /* MainTableViewController.swift in Sources */,
				44A47A4F27EB9DAA000E3DAC /* DetailContactViewController.swift in Sources */,
				4457B0CD27EBAC9700474245 /* DoubleTableViewController.swift in Sources */,
				44DAE56427EB5F2400850A6C /* SceneDelegate.swift in Sources */,
			);
			runOnlyForDeploymentPostprocessing = 0;
		};
/* End PBXSourcesBuildPhase section */

/* Begin PBXVariantGroup section */
		44DAE56727EB5F2400850A6C /* Main.storyboard */ = {
			isa = PBXVariantGroup;
			children = (
				44DAE56827EB5F2400850A6C /* Base */,
			);
			name = Main.storyboard;
			sourceTree = "<group>";
		};
		44DAE56C27EB5F2400850A6C /* LaunchScreen.storyboard */ = {
			isa = PBXVariantGroup;
			children = (
				44DAE56D27EB5F2400850A6C /* Base */,
			);
			name = LaunchScreen.storyboard;
			sourceTree = "<group>";
		};
/* End PBXVariantGroup section */

/* Begin XCBuildConfiguration section */
		44DAE57027EB5F2400850A6C /* Debug */ = {
			isa = XCBuildConfiguration;
			buildSettings = {
				ALWAYS_SEARCH_USER_PATHS = NO;
				CLANG_ANALYZER_NONNULL = YES;
				CLANG_ANALYZER_NUMBER_OBJECT_CONVERSION = YES_AGGRESSIVE;
				CLANG_CXX_LANGUAGE_STANDARD = "gnu++17";
				CLANG_ENABLE_MODULES = YES;
				CLANG_ENABLE_OBJC_ARC = YES;
				CLANG_ENABLE_OBJC_WEAK = YES;
				CLANG_WARN_BLOCK_CAPTURE_AUTORELEASING = YES;
				CLANG_WARN_BOOL_CONVERSION = YES;
				CLANG_WARN_COMMA = YES;
				CLANG_WARN_CONSTANT_CONVERSION = YES;
				CLANG_WARN_DEPRECATED_OBJC_IMPLEMENTATIONS = YES;
				CLANG_WARN_DIRECT_OBJC_ISA_USAGE = YES_ERROR;
				CLANG_WARN_DOCUMENTATION_COMMENTS = YES;
				CLANG_WARN_EMPTY_BODY = YES;
				CLANG_WARN_ENUM_CONVERSION = YES;
				CLANG_WARN_INFINITE_RECURSION = YES;
				CLANG_WARN_INT_CONVERSION = YES;
				CLANG_WARN_NON_LITERAL_NULL_CONVERSION = YES;
				CLANG_WARN_OBJC_IMPLICIT_RETAIN_SELF = YES;
				CLANG_WARN_OBJC_LITERAL_CONVERSION = YES;
				CLANG_WARN_OBJC_ROOT_CLASS = YES_ERROR;
				CLANG_WARN_QUOTED_INCLUDE_IN_FRAMEWORK_HEADER = YES;
				CLANG_WARN_RANGE_LOOP_ANALYSIS = YES;
				CLANG_WARN_STRICT_PROTOTYPES = YES;
				CLANG_WARN_SUSPICIOUS_MOVE = YES;
				CLANG_WARN_UNGUARDED_AVAILABILITY = YES_AGGRESSIVE;
				CLANG_WARN_UNREACHABLE_CODE = YES;
				CLANG_WARN__DUPLICATE_METHOD_MATCH = YES;
				COPY_PHASE_STRIP = NO;
				DEBUG_INFORMATION_FORMAT = dwarf;
				ENABLE_STRICT_OBJC_MSGSEND = YES;
				ENABLE_TESTABILITY = YES;
				GCC_C_LANGUAGE_STANDARD = gnu11;
				GCC_DYNAMIC_NO_PIC = NO;
				GCC_NO_COMMON_BLOCKS = YES;
				GCC_OPTIMIZATION_LEVEL = 0;
				GCC_PREPROCESSOR_DEFINITIONS = (
					"DEBUG=1",
					"$(inherited)",
				);
				GCC_WARN_64_TO_32_BIT_CONVERSION = YES;
				GCC_WARN_ABOUT_RETURN_TYPE = YES_ERROR;
				GCC_WARN_UNDECLARED_SELECTOR = YES;
				GCC_WARN_UNINITIALIZED_AUTOS = YES_AGGRESSIVE;
				GCC_WARN_UNUSED_FUNCTION = YES;
				GCC_WARN_UNUSED_VARIABLE = YES;
				IPHONEOS_DEPLOYMENT_TARGET = 15.4;
				MTL_ENABLE_DEBUG_INFO = INCLUDE_SOURCE;
				MTL_FAST_MATH = YES;
				ONLY_ACTIVE_ARCH = YES;
				SDKROOT = iphoneos;
				SWIFT_ACTIVE_COMPILATION_CONDITIONS = DEBUG;
				SWIFT_OPTIMIZATION_LEVEL = "-Onone";
			};
			name = Debug;
		};
		44DAE57127EB5F2400850A6C /* Release */ = {
			isa = XCBuildConfiguration;
			buildSettings = {
				ALWAYS_SEARCH_USER_PATHS = NO;
				CLANG_ANALYZER_NONNULL = YES;
				CLANG_ANALYZER_NUMBER_OBJECT_CONVERSION = YES_AGGRESSIVE;
				CLANG_CXX_LANGUAGE_STANDARD = "gnu++17";
				CLANG_ENABLE_MODULES = YES;
				CLANG_ENABLE_OBJC_ARC = YES;
				CLANG_ENABLE_OBJC_WEAK = YES;
				CLANG_WARN_BLOCK_CAPTURE_AUTORELEASING = YES;
				CLANG_WARN_BOOL_CONVERSION = YES;
				CLANG_WARN_COMMA = YES;
				CLANG_WARN_CONSTANT_CONVERSION = YES;
				CLANG_WARN_DEPRECATED_OBJC_IMPLEMENTATIONS = YES;
				CLANG_WARN_DIRECT_OBJC_ISA_USAGE = YES_ERROR;
				CLANG_WARN_DOCUMENTATION_COMMENTS = YES;
				CLANG_WARN_EMPTY_BODY = YES;
				CLANG_WARN_ENUM_CONVERSION = YES;
				CLANG_WARN_INFINITE_RECURSION = YES;
				CLANG_WARN_INT_CONVERSION = YES;
				CLANG_WARN_NON_LITERAL_NULL_CONVERSION = YES;
				CLANG_WARN_OBJC_IMPLICIT_RETAIN_SELF = YES;
				CLANG_WARN_OBJC_LITERAL_CONVERSION = YES;
				CLANG_WARN_OBJC_ROOT_CLASS = YES_ERROR;
				CLANG_WARN_QUOTED_INCLUDE_IN_FRAMEWORK_HEADER = YES;
				CLANG_WARN_RANGE_LOOP_ANALYSIS = YES;
				CLANG_WARN_STRICT_PROTOTYPES = YES;
				CLANG_WARN_SUSPICIOUS_MOVE = YES;
				CLANG_WARN_UNGUARDED_AVAILABILITY = YES_AGGRESSIVE;
				CLANG_WARN_UNREACHABLE_CODE = YES;
				CLANG_WARN__DUPLICATE_METHOD_MATCH = YES;
				COPY_PHASE_STRIP = NO;
				DEBUG_INFORMATION_FORMAT = "dwarf-with-dsym";
				ENABLE_NS_ASSERTIONS = NO;
				ENABLE_STRICT_OBJC_MSGSEND = YES;
				GCC_C_LANGUAGE_STANDARD = gnu11;
				GCC_NO_COMMON_BLOCKS = YES;
				GCC_WARN_64_TO_32_BIT_CONVERSION = YES;
				GCC_WARN_ABOUT_RETURN_TYPE = YES_ERROR;
				GCC_WARN_UNDECLARED_SELECTOR = YES;
				GCC_WARN_UNINITIALIZED_AUTOS = YES_AGGRESSIVE;
				GCC_WARN_UNUSED_FUNCTION = YES;
				GCC_WARN_UNUSED_VARIABLE = YES;
				IPHONEOS_DEPLOYMENT_TARGET = 15.4;
				MTL_ENABLE_DEBUG_INFO = NO;
				MTL_FAST_MATH = YES;
				SDKROOT = iphoneos;
				SWIFT_COMPILATION_MODE = wholemodule;
				SWIFT_OPTIMIZATION_LEVEL = "-O";
				VALIDATE_PRODUCT = YES;
			};
			name = Release;
		};
		44DAE57327EB5F2400850A6C /* Debug */ = {
			isa = XCBuildConfiguration;
			buildSettings = {
				ASSETCATALOG_COMPILER_APPICON_NAME = AppIcon;
				ASSETCATALOG_COMPILER_GLOBAL_ACCENT_COLOR_NAME = AccentColor;
				CODE_SIGN_STYLE = Automatic;
				CURRENT_PROJECT_VERSION = 1;
				DEVELOPMENT_TEAM = TS8JK2YTU3;
				GENERATE_INFOPLIST_FILE = YES;
				INFOPLIST_FILE = ContactList/App/Info.plist;
				INFOPLIST_KEY_UIApplicationSupportsIndirectInputEvents = YES;
				INFOPLIST_KEY_UILaunchStoryboardName = LaunchScreen;
				INFOPLIST_KEY_UIMainStoryboardFile = Main;
				INFOPLIST_KEY_UISupportedInterfaceOrientations = UIInterfaceOrientationPortrait;
				INFOPLIST_KEY_UISupportedInterfaceOrientations_iPad = "UIInterfaceOrientationPortrait UIInterfaceOrientationPortraitUpsideDown UIInterfaceOrientationLandscapeLeft UIInterfaceOrientationLandscapeRight";
				INFOPLIST_KEY_UISupportedInterfaceOrientations_iPhone = UIInterfaceOrientationPortrait;
				LD_RUNPATH_SEARCH_PATHS = (
					"$(inherited)",
					"@executable_path/Frameworks",
				);
				MARKETING_VERSION = 0.1.0;
				PRODUCT_BUNDLE_IDENTIFIER = korc4.ContactList;
				PRODUCT_NAME = "$(TARGET_NAME)";
				SWIFT_EMIT_LOC_STRINGS = YES;
				SWIFT_VERSION = 5.0;
				TARGETED_DEVICE_FAMILY = 1;
			};
			name = Debug;
		};
		44DAE57427EB5F2400850A6C /* Release */ = {
			isa = XCBuildConfiguration;
			buildSettings = {
				ASSETCATALOG_COMPILER_APPICON_NAME = AppIcon;
				ASSETCATALOG_COMPILER_GLOBAL_ACCENT_COLOR_NAME = AccentColor;
				CODE_SIGN_STYLE = Automatic;
				CURRENT_PROJECT_VERSION = 1;
				DEVELOPMENT_TEAM = TS8JK2YTU3;
				GENERATE_INFOPLIST_FILE = YES;
				INFOPLIST_FILE = ContactList/App/Info.plist;
				INFOPLIST_KEY_UIApplicationSupportsIndirectInputEvents = YES;
				INFOPLIST_KEY_UILaunchStoryboardName = LaunchScreen;
				INFOPLIST_KEY_UIMainStoryboardFile = Main;
				INFOPLIST_KEY_UISupportedInterfaceOrientations = UIInterfaceOrientationPortrait;
				INFOPLIST_KEY_UISupportedInterfaceOrientations_iPad = "UIInterfaceOrientationPortrait UIInterfaceOrientationPortraitUpsideDown UIInterfaceOrientationLandscapeLeft UIInterfaceOrientationLandscapeRight";
				INFOPLIST_KEY_UISupportedInterfaceOrientations_iPhone = UIInterfaceOrientationPortrait;
				LD_RUNPATH_SEARCH_PATHS = (
					"$(inherited)",
					"@executable_path/Frameworks",
				);
				MARKETING_VERSION = 0.1.0;
				PRODUCT_BUNDLE_IDENTIFIER = korc4.ContactList;
				PRODUCT_NAME = "$(TARGET_NAME)";
				SWIFT_EMIT_LOC_STRINGS = YES;
				SWIFT_VERSION = 5.0;
				TARGETED_DEVICE_FAMILY = 1;
			};
			name = Release;
		};
/* End XCBuildConfiguration section */

/* Begin XCConfigurationList section */
		44DAE55927EB5F2300850A6C /* Build configuration list for PBXProject "ContactList" */ = {
			isa = XCConfigurationList;
			buildConfigurations = (
				44DAE57027EB5F2400850A6C /* Debug */,
				44DAE57127EB5F2400850A6C /* Release */,
			);
			defaultConfigurationIsVisible = 0;
			defaultConfigurationName = Release;
		};
		44DAE57227EB5F2400850A6C /* Build configuration list for PBXNativeTarget "ContactList" */ = {
			isa = XCConfigurationList;
			buildConfigurations = (
				44DAE57327EB5F2400850A6C /* Debug */,
				44DAE57427EB5F2400850A6C /* Release */,
			);
			defaultConfigurationIsVisible = 0;
			defaultConfigurationName = Release;
		};
/* End XCConfigurationList section */
	};
	rootObject = 44DAE55627EB5F2300850A6C /* Project object */;
}
